{
  "name": "@otherwa/quick-mafs",
  "version": "1.0.7",
  "lockfileVersion": 3,
  "requires": true,
  "packages": {
    "": {
      "name": "@otherwa/quick-mafs",
      "version": "1.0.7",
      "license": "ISC",
      "dependencies": {
        "@otherwa/quick-mafs": "1.0.3"
      }
    },
    "node_modules/@otherwa/quick-mafs": {
      "version": "1.0.3",
      "resolved": "https://registry.npmjs.org/@otherwa/quick-mafs/-/quick-mafs-1.0.3.tgz",
      "integrity": "sha512-R8N9gKdMBBk7HlxBMdREbZBXTB+1Tws+O+dfPkhXlDoF07i5ct3jsvphO7rLXlCL1aptZf47gsLXX8xGQAFdGA=="
    }
  }
}
